// !$*UTF8*$!
{
	archiveVersion = 1;
	classes = {
	};
	objectVersion = 56;
	objects = {

/* Begin PBXBuildFile section */
		281A7DCF2916126900B79AFC /* AppDelegate.swift in Sources */ = {isa = PBXBuildFile; fileRef = 281A7DCE2916126900B79AFC /* AppDelegate.swift */; };
		281A7DD12916126900B79AFC /* GameScene.sks in Resources */ = {isa = PBXBuildFile; fileRef = 281A7DD02916126900B79AFC /* GameScene.sks */; };
		281A7DD32916126900B79AFC /* Actions.sks in Resources */ = {isa = PBXBuildFile; fileRef = 281A7DD22916126900B79AFC /* Actions.sks */; };
		281A7DD72916126900B79AFC /* GameViewController.swift in Sources */ = {isa = PBXBuildFile; fileRef = 281A7DD62916126900B79AFC /* GameViewController.swift */; };
		281A7DDA2916126900B79AFC /* Main.storyboard in Resources */ = {isa = PBXBuildFile; fileRef = 281A7DD82916126900B79AFC /* Main.storyboard */; };
		281A7DDC2916126A00B79AFC /* Assets.xcassets in Resources */ = {isa = PBXBuildFile; fileRef = 281A7DDB2916126A00B79AFC /* Assets.xcassets */; };
		281A7DDF2916126A00B79AFC /* LaunchScreen.storyboard in Resources */ = {isa = PBXBuildFile; fileRef = 281A7DDD2916126A00B79AFC /* LaunchScreen.storyboard */; };
		281A7DE6291612C500B79AFC /* GameScene.swift in Sources */ = {isa = PBXBuildFile; fileRef = 281A7DE5291612C500B79AFC /* GameScene.swift */; };
		281A7DE829163A3A00B79AFC /* 04B_19__.TTF in Resources */ = {isa = PBXBuildFile; fileRef = 281A7DE729163A3A00B79AFC /* 04B_19__.TTF */; };
		281A7DF529166F7400B79AFC /* hit.mp3 in Resources */ = {isa = PBXBuildFile; fileRef = 281A7DF429166F7400B79AFC /* hit.mp3 */; };
		281A7DF72916757D00B79AFC /* flap.mp3 in Resources */ = {isa = PBXBuildFile; fileRef = 281A7DF62916757D00B79AFC /* flap.mp3 */; };
		281A7DF9291675D400B79AFC /* coin.mp3 in Resources */ = {isa = PBXBuildFile; fileRef = 281A7DF8291675D400B79AFC /* coin.mp3 */; };
/* End PBXBuildFile section */

/* Begin PBXFileReference section */
		281A7DCB2916126900B79AFC /* FlappyBird.app */ = {isa = PBXFileReference; explicitFileType = wrapper.application; includeInIndex = 0; path = FlappyBird.app; sourceTree = BUILT_PRODUCTS_DIR; };
		281A7DCE2916126900B79AFC /* AppDelegate.swift */ = {isa = PBXFileReference; lastKnownFileType = sourcecode.swift; path = AppDelegate.swift; sourceTree = "<group>"; };
		281A7DD02916126900B79AFC /* GameScene.sks */ = {isa = PBXFileReference; lastKnownFileType = file.sks; path = GameScene.sks; sourceTree = "<group>"; };
		281A7DD22916126900B79AFC /* Actions.sks */ = {isa = PBXFileReference; lastKnownFileType = file.sks; path = Actions.sks; sourceTree = "<group>"; };
		281A7DD62916126900B79AFC /* GameViewController.swift */ = {isa = PBXFileReference; lastKnownFileType = sourcecode.swift; path = GameViewController.swift; sourceTree = "<group>"; };
		281A7DD92916126900B79AFC /* Base */ = {isa = PBXFileReference; lastKnownFileType = file.storyboard; name = Base; path = Base.lproj/Main.storyboard; sourceTree = "<group>"; };
		281A7DDB2916126A00B79AFC /* Assets.xcassets */ = {isa = PBXFileReference; lastKnownFileType = folder.assetcatalog; path = Assets.xcassets; sourceTree = "<group>"; };
		281A7DDE2916126A00B79AFC /* Base */ = {isa = PBXFileReference; lastKnownFileType = file.storyboard; name = Base; path = Base.lproj/LaunchScreen.storyboard; sourceTree = "<group>"; };
		281A7DE5291612C500B79AFC /* GameScene.swift */ = {isa = PBXFileReference; lastKnownFileType = sourcecode.swift; path = GameScene.swift; sourceTree = "<group>"; };
		281A7DE729163A3A00B79AFC /* 04B_19__.TTF */ = {isa = PBXFileReference; lastKnownFileType = file; path = 04B_19__.TTF; sourceTree = "<group>"; };
		281A7DE929163A6600B79AFC /* Info.plist */ = {isa = PBXFileReference; lastKnownFileType = text.plist; path = Info.plist; sourceTree = "<group>"; };
		281A7DF429166F7400B79AFC /* hit.mp3 */ = {isa = PBXFileReference; lastKnownFileType = audio.mp3; path = hit.mp3; sourceTree = "<group>"; };
		281A7DF62916757D00B79AFC /* flap.mp3 */ = {isa = PBXFileReference; lastKnownFileType = audio.mp3; path = flap.mp3; sourceTree = "<group>"; };
		281A7DF8291675D400B79AFC /* coin.mp3 */ = {isa = PBXFileReference; lastKnownFileType = audio.mp3; path = coin.mp3; sourceTree = "<group>"; };
/* End PBXFileReference section */

/* Begin PBXFrameworksBuildPhase section */
		281A7DC82916126900B79AFC /* Frameworks */ = {
			isa = PBXFrameworksBuildPhase;
			buildActionMask = 2147483647;
			files = (
			);
			runOnlyForDeploymentPostprocessing = 0;
		};
/* End PBXFrameworksBuildPhase section */

/* Begin PBXGroup section */
		281A7DC22916126900B79AFC = {
			isa = PBXGroup;
			children = (
				281A7DCD2916126900B79AFC /* flappybird */,
				281A7DCC2916126900B79AFC /* Products */,
			);
			sourceTree = "<group>";
		};
		281A7DCC2916126900B79AFC /* Products */ = {
			isa = PBXGroup;
			children = (
				281A7DCB2916126900B79AFC /* FlappyBird.app */,
			);
			name = Products;
			sourceTree = "<group>";
		};
		281A7DCD2916126900B79AFC /* flappybird */ = {
			isa = PBXGroup;
			children = (
				281A7DE929163A6600B79AFC /* Info.plist */,
				281A7DCE2916126900B79AFC /* AppDelegate.swift */,
				281A7DE5291612C500B79AFC /* GameScene.swift */,
				281A7DD02916126900B79AFC /* GameScene.sks */,
				281A7DD22916126900B79AFC /* Actions.sks */,
				281A7DD62916126900B79AFC /* GameViewController.swift */,
				281A7DD82916126900B79AFC /* Main.storyboard */,
				281A7DDB2916126A00B79AFC /* Assets.xcassets */,
				281A7DDD2916126A00B79AFC /* LaunchScreen.storyboard */,
				281A7DE729163A3A00B79AFC /* 04B_19__.TTF */,
				281A7DEF29166C3000B79AFC /* Sounds */,
			);
			path = flappybird;
			sourceTree = "<group>";
		};
		281A7DEF29166C3000B79AFC /* Sounds */ = {
			isa = PBXGroup;
			children = (
				281A7DF62916757D00B79AFC /* flap.mp3 */,
				281A7DF429166F7400B79AFC /* hit.mp3 */,
				281A7DF8291675D400B79AFC /* coin.mp3 */,
			);
			path = Sounds;
			sourceTree = "<group>";
		};
/* End PBXGroup section */

/* Begin PBXNativeTarget section */
		281A7DCA2916126900B79AFC /* FlappyBird */ = {
			isa = PBXNativeTarget;
			buildConfigurationList = 281A7DE22916126A00B79AFC /* Build configuration list for PBXNativeTarget "FlappyBird" */;
			buildPhases = (
				281A7DC72916126900B79AFC /* Sources */,
				281A7DC82916126900B79AFC /* Frameworks */,
				281A7DC92916126900B79AFC /* Resources */,
			);
			buildRules = (
			);
			dependencies = (
			);
			name = FlappyBird;
			productName = flappybird;
			productReference = 281A7DCB2916126900B79AFC /* FlappyBird.app */;
			productType = "com.apple.product-type.application";
		};
/* End PBXNativeTarget section */

/* Begin PBXProject section */
		281A7DC32916126900B79AFC /* Project object */ = {
			isa = PBXProject;
			attributes = {
				BuildIndependentTargetsInParallel = 1;
				LastSwiftUpdateCheck = 1410;
				LastUpgradeCheck = 1410;
				TargetAttributes = {
					281A7DCA2916126900B79AFC = {
						CreatedOnToolsVersion = 14.1;
					};
				};
			};
			buildConfigurationList = 281A7DC62916126900B79AFC /* Build configuration list for PBXProject "FlappyBird" */;
			compatibilityVersion = "Xcode 14.0";
			developmentRegion = en;
			hasScannedForEncodings = 0;
			knownRegions = (
				en,
				Base,
			);
			mainGroup = 281A7DC22916126900B79AFC;
			productRefGroup = 281A7DCC2916126900B79AFC /* Products */;
			projectDirPath = "";
			projectRoot = "";
			targets = (
				281A7DCA2916126900B79AFC /* FlappyBird */,
			);
		};
/* End PBXProject section */

/* Begin PBXResourcesBuildPhase section */
		281A7DC92916126900B79AFC /* Resources */ = {
			isa = PBXResourcesBuildPhase;
			buildActionMask = 2147483647;
			files = (
				281A7DDA2916126900B79AFC /* Main.storyboard in Resources */,
				281A7DF72916757D00B79AFC /* flap.mp3 in Resources */,
				281A7DF9291675D400B79AFC /* coin.mp3 in Resources */,
				281A7DE829163A3A00B79AFC /* 04B_19__.TTF in Resources */,
				281A7DD12916126900B79AFC /* GameScene.sks in Resources */,
				281A7DDC2916126A00B79AFC /* Assets.xcassets in Resources */,
				281A7DF529166F7400B79AFC /* hit.mp3 in Resources */,
				281A7DDF2916126A00B79AFC /* LaunchScreen.storyboard in Resources */,
				281A7DD32916126900B79AFC /* Actions.sks in Resources */,
			);
			runOnlyForDeploymentPostprocessing = 0;
		};
/* End PBXResourcesBuildPhase section */

/* Begin PBXSourcesBuildPhase section */
		281A7DC72916126900B79AFC /* Sources */ = {
			isa = PBXSourcesBuildPhase;
			buildActionMask = 2147483647;
			files = (
				281A7DE6291612C500B79AFC /* GameScene.swift in Sources */,
				281A7DD72916126900B79AFC /* GameViewController.swift in Sources */,
				281A7DCF2916126900B79AFC /* AppDelegate.swift in Sources */,
			);
			runOnlyForDeploymentPostprocessing = 0;
		};
/* End PBXSourcesBuildPhase section */

/* Begin PBXVariantGroup section */
		281A7DD82916126900B79AFC /* Main.storyboard */ = {
			isa = PBXVariantGroup;
			children = (
				281A7DD92916126900B79AFC /* Base */,
			);
			name = Main.storyboard;
			sourceTree = "<group>";
		};
		281A7DDD2916126A00B79AFC /* LaunchScreen.storyboard */ = {
			isa = PBXVariantGroup;
			children = (
				281A7DDE2916126A00B79AFC /* Base */,
			);
			name = LaunchScreen.storyboard;
			sourceTree = "<group>";
		};
/* End PBXVariantGroup section */

/* Begin XCBuildConfiguration section */
		281A7DE02916126A00B79AFC /* Debug */ = {
			isa = XCBuildConfiguration;
			buildSettings = {
				ALWAYS_SEARCH_USER_PATHS = NO;
				CLANG_ANALYZER_NONNULL = YES;
				CLANG_ANALYZER_NUMBER_OBJECT_CONVERSION = YES_AGGRESSIVE;
				CLANG_CXX_LANGUAGE_STANDARD = "gnu++20";
				CLANG_ENABLE_MODULES = YES;
				CLANG_ENABLE_OBJC_ARC = YES;
				CLANG_ENABLE_OBJC_WEAK = YES;
				CLANG_WARN_BLOCK_CAPTURE_AUTORELEASING = YES;
				CLANG_WARN_BOOL_CONVERSION = YES;
				CLANG_WARN_COMMA = YES;
				CLANG_WARN_CONSTANT_CONVERSION = YES;
				CLANG_WARN_DEPRECATED_OBJC_IMPLEMENTATIONS = YES;
				CLANG_WARN_DIRECT_OBJC_ISA_USAGE = YES_ERROR;
				CLANG_WARN_DOCUMENTATION_COMMENTS = YES;
				CLANG_WARN_EMPTY_BODY = YES;
				CLANG_WARN_ENUM_CONVERSION = YES;
				CLANG_WARN_INFINITE_RECURSION = YES;
				CLANG_WARN_INT_CONVERSION = YES;
				CLANG_WARN_NON_LITERAL_NULL_CONVERSION = YES;
				CLANG_WARN_OBJC_IMPLICIT_RETAIN_SELF = YES;
				CLANG_WARN_OBJC_LITERAL_CONVERSION = YES;
				CLANG_WARN_OBJC_ROOT_CLASS = YES_ERROR;
				CLANG_WARN_QUOTED_INCLUDE_IN_FRAMEWORK_HEADER = YES;
				CLANG_WARN_RANGE_LOOP_ANALYSIS = YES;
				CLANG_WARN_STRICT_PROTOTYPES = YES;
				CLANG_WARN_SUSPICIOUS_MOVE = YES;
				CLANG_WARN_UNGUARDED_AVAILABILITY = YES_AGGRESSIVE;
				CLANG_WARN_UNREACHABLE_CODE = YES;
				CLANG_WARN__DUPLICATE_METHOD_MATCH = YES;
				COPY_PHASE_STRIP = NO;
				DEBUG_INFORMATION_FORMAT = dwarf;
				ENABLE_STRICT_OBJC_MSGSEND = YES;
				ENABLE_TESTABILITY = YES;
				GCC_C_LANGUAGE_STANDARD = gnu11;
				GCC_DYNAMIC_NO_PIC = NO;
				GCC_NO_COMMON_BLOCKS = YES;
				GCC_OPTIMIZATION_LEVEL = 0;
				GCC_PREPROCESSOR_DEFINITIONS = (
					"DEBUG=1",
					"$(inherited)",
				);
				GCC_WARN_64_TO_32_BIT_CONVERSION = YES;
				GCC_WARN_ABOUT_RETURN_TYPE = YES_ERROR;
				GCC_WARN_UNDECLARED_SELECTOR = YES;
				GCC_WARN_UNINITIALIZED_AUTOS = YES_AGGRESSIVE;
				GCC_WARN_UNUSED_FUNCTION = YES;
				GCC_WARN_UNUSED_VARIABLE = YES;
				IPHONEOS_DEPLOYMENT_TARGET = 16.1;
				MTL_ENABLE_DEBUG_INFO = INCLUDE_SOURCE;
				MTL_FAST_MATH = YES;
				ONLY_ACTIVE_ARCH = YES;
				SDKROOT = iphoneos;
				SWIFT_ACTIVE_COMPILATION_CONDITIONS = DEBUG;
				SWIFT_OPTIMIZATION_LEVEL = "-Onone";
			};
			name = Debug;
		};
		281A7DE12916126A00B79AFC /* Release */ = {
			isa = XCBuildConfiguration;
			buildSettings = {
				ALWAYS_SEARCH_USER_PATHS = NO;
				CLANG_ANALYZER_NONNULL = YES;
				CLANG_ANALYZER_NUMBER_OBJECT_CONVERSION = YES_AGGRESSIVE;
				CLANG_CXX_LANGUAGE_STANDARD = "gnu++20";
				CLANG_ENABLE_MODULES = YES;
				CLANG_ENABLE_OBJC_ARC = YES;
				CLANG_ENABLE_OBJC_WEAK = YES;
				CLANG_WARN_BLOCK_CAPTURE_AUTORELEASING = YES;
				CLANG_WARN_BOOL_CONVERSION = YES;
				CLANG_WARN_COMMA = YES;
				CLANG_WARN_CONSTANT_CONVERSION = YES;
				CLANG_WARN_DEPRECATED_OBJC_IMPLEMENTATIONS = YES;
				CLANG_WARN_DIRECT_OBJC_ISA_USAGE = YES_ERROR;
				CLANG_WARN_DOCUMENTATION_COMMENTS = YES;
				CLANG_WARN_EMPTY_BODY = YES;
				CLANG_WARN_ENUM_CONVERSION = YES;
				CLANG_WARN_INFINITE_RECURSION = YES;
				CLANG_WARN_INT_CONVERSION = YES;
				CLANG_WARN_NON_LITERAL_NULL_CONVERSION = YES;
				CLANG_WARN_OBJC_IMPLICIT_RETAIN_SELF = YES;
				CLANG_WARN_OBJC_LITERAL_CONVERSION = YES;
				CLANG_WARN_OBJC_ROOT_CLASS = YES_ERROR;
				CLANG_WARN_QUOTED_INCLUDE_IN_FRAMEWORK_HEADER = YES;
				CLANG_WARN_RANGE_LOOP_ANALYSIS = YES;
				CLANG_WARN_STRICT_PROTOTYPES = YES;
				CLANG_WARN_SUSPICIOUS_MOVE = YES;
				CLANG_WARN_UNGUARDED_AVAILABILITY = YES_AGGRESSIVE;
				CLANG_WARN_UNREACHABLE_CODE = YES;
				CLANG_WARN__DUPLICATE_METHOD_MATCH = YES;
				COPY_PHASE_STRIP = NO;
				DEBUG_INFORMATION_FORMAT = "dwarf-with-dsym";
				ENABLE_NS_ASSERTIONS = NO;
				ENABLE_STRICT_OBJC_MSGSEND = YES;
				GCC_C_LANGUAGE_STANDARD = gnu11;
				GCC_NO_COMMON_BLOCKS = YES;
				GCC_WARN_64_TO_32_BIT_CONVERSION = YES;
				GCC_WARN_ABOUT_RETURN_TYPE = YES_ERROR;
				GCC_WARN_UNDECLARED_SELECTOR = YES;
				GCC_WARN_UNINITIALIZED_AUTOS = YES_AGGRESSIVE;
				GCC_WARN_UNUSED_FUNCTION = YES;
				GCC_WARN_UNUSED_VARIABLE = YES;
				IPHONEOS_DEPLOYMENT_TARGET = 16.1;
				MTL_ENABLE_DEBUG_INFO = NO;
				MTL_FAST_MATH = YES;
				SDKROOT = iphoneos;
				SWIFT_COMPILATION_MODE = wholemodule;
				SWIFT_OPTIMIZATION_LEVEL = "-O";
				VALIDATE_PRODUCT = YES;
			};
			name = Release;
		};
		281A7DE32916126A00B79AFC /* Debug */ = {
			isa = XCBuildConfiguration;
			buildSettings = {
				ASSETCATALOG_COMPILER_APPICON_NAME = AppIcon;
				ASSETCATALOG_COMPILER_GLOBAL_ACCENT_COLOR_NAME = AccentColor;
				CODE_SIGN_STYLE = Automatic;
				CURRENT_PROJECT_VERSION = 1;
				DEVELOPMENT_TEAM = HK6R3F5RZP;
				GENERATE_INFOPLIST_FILE = YES;
				INFOPLIST_FILE = flappybird/Info.plist;
				INFOPLIST_KEY_UIApplicationSupportsIndirectInputEvents = YES;
				INFOPLIST_KEY_UILaunchStoryboardName = LaunchScreen;
				INFOPLIST_KEY_UIMainStoryboardFile = Main;
				INFOPLIST_KEY_UIStatusBarHidden = YES;
				INFOPLIST_KEY_UISupportedInterfaceOrientations_iPad = "UIInterfaceOrientationPortrait UIInterfaceOrientationPortraitUpsideDown UIInterfaceOrientationLandscapeLeft UIInterfaceOrientationLandscapeRight";
				INFOPLIST_KEY_UISupportedInterfaceOrientations_iPhone = "UIInterfaceOrientationPortrait UIInterfaceOrientationLandscapeLeft UIInterfaceOrientationLandscapeRight";
				LD_RUNPATH_SEARCH_PATHS = (
					"$(inherited)",
					"@executable_path/Frameworks",
				);
				MARKETING_VERSION = 1.0;
				PRODUCT_BUNDLE_IDENTIFIER = com.abbydomi.flappybird;
				PRODUCT_NAME = "$(TARGET_NAME)";
				SWIFT_EMIT_LOC_STRINGS = YES;
				SWIFT_VERSION = 5.0;
				TARGETED_DEVICE_FAMILY = "1,2";
			};
			name = Debug;
		};
		281A7DE42916126A00B79AFC /* Release */ = {
			isa = XCBuildConfiguration;
			buildSettings = {
				ASSETCATALOG_COMPILER_APPICON_NAME = AppIcon;
				ASSETCATALOG_COMPILER_GLOBAL_ACCENT_COLOR_NAME = AccentColor;
				CODE_SIGN_STYLE = Automatic;
				CURRENT_PROJECT_VERSION = 1;
				DEVELOPMENT_TEAM = HK6R3F5RZP;
				GENERATE_INFOPLIST_FILE = YES;
				INFOPLIST_FILE = flappybird/Info.plist;
				INFOPLIST_KEY_UIApplicationSupportsIndirectInputEvents = YES;
				INFOPLIST_KEY_UILaunchStoryboardName = LaunchScreen;
				INFOPLIST_KEY_UIMainStoryboardFile = Main;
				INFOPLIST_KEY_UIStatusBarHidden = YES;
				INFOPLIST_KEY_UISupportedInterfaceOrientations_iPad = "UIInterfaceOrientationPortrait UIInterfaceOrientationPortraitUpsideDown UIInterfaceOrientationLandscapeLeft UIInterfaceOrientationLandscapeRight";
				INFOPLIST_KEY_UISupportedInterfaceOrientations_iPhone = "UIInterfaceOrientationPortrait UIInterfaceOrientationLandscapeLeft UIInterfaceOrientationLandscapeRight";
				LD_RUNPATH_SEARCH_PATHS = (
					"$(inherited)",
					"@executable_path/Frameworks",
				);
				MARKETING_VERSION = 1.0;
				PRODUCT_BUNDLE_IDENTIFIER = com.abbydomi.flappybird;
				PRODUCT_NAME = "$(TARGET_NAME)";
				SWIFT_EMIT_LOC_STRINGS = YES;
				SWIFT_VERSION = 5.0;
				TARGETED_DEVICE_FAMILY = "1,2";
			};
			name = Release;
		};
/* End XCBuildConfiguration section */

/* Begin XCConfigurationList section */
		281A7DC62916126900B79AFC /* Build configuration list for PBXProject "FlappyBird" */ = {
			isa = XCConfigurationList;
			buildConfigurations = (
				281A7DE02916126A00B79AFC /* Debug */,
				281A7DE12916126A00B79AFC /* Release */,
			);
			defaultConfigurationIsVisible = 0;
			defaultConfigurationName = Release;
		};
		281A7DE22916126A00B79AFC /* Build configuration list for PBXNativeTarget "FlappyBird" */ = {
			isa = XCConfigurationList;
			buildConfigurations = (
				281A7DE32916126A00B79AFC /* Debug */,
				281A7DE42916126A00B79AFC /* Release */,
			);
			defaultConfigurationIsVisible = 0;
			defaultConfigurationName = Release;
		};
/* End XCConfigurationList section */
	};
	rootObject = 281A7DC32916126900B79AFC /* Project object */;
}
